
Microsoft Visual Studio Solution File, Format Version 12.00
# Visual Studio Version 17
VisualStudioVersion = 17.5.33516.290
MinimumVisualStudioVersion = 10.0.40219.1
Project("{8BC9CEB8-8B4A-11D0-8D11-00A0C91BC942}") = "LAB9_1", "LAB9_1\LAB9_1.vcxproj", "{C7167BDA-35CB-478A-A314-F2D194AD6C2D}"
EndProject
Project("{8BC9CEB8-8B4A-11D0-8D11-00A0C91BC942}") = "LAB9_3", "LAB9_3\LAB9_3.vcxproj", "{6C95AD7E-FA9A-42FD-835A-EF787C4AB1E2}"
EndProject
Project("{8BC9CEB8-8B4A-11D0-8D11-00A0C91BC942}") = "LAB9_4", "LAB9_4\LAB9_4.vcxproj", "{EDB25212-1FAB-4964-AB49-4375F9C955F0}"
EndProject
Project("{8BC9CEB8-8B4A-11D0-8D11-00A0C91BC942}") = "LAB9_5", "LAB9_5\LAB9_5.vcxproj", "{5E7319A1-B077-4B72-B5C7-C0D58F2E2CE6}"
EndProject
Project("{8BC9CEB8-8B4A-11D0-8D11-00A0C91BC942}") = "HW9_1", "HW9_1\HW9_1.vcxproj", "{34CDB791-141D-430D-BD64-F2BEDAA53629}"
EndProject
Project("{8BC9CEB8-8B4A-11D0-8D11-00A0C91BC942}") = "HW9_2", "HW9_2\HW9_2.vcxproj", "{B9C77D90-AFBF-4EB2-8829-DD453763BE47}"
EndProject
Project("{8BC9CEB8-8B4A-11D0-8D11-00A0C91BC942}") = "LAB", "LAB\LAB.vcxproj", "{DFF03DC3-F6F5-41CF-9B5E-927A7351525C}"
EndProject
Global
	GlobalSection(SolutionConfigurationPlatforms) = preSolution
		Debug|x64 = Debug|x64
		Debug|x86 = Debug|x86
		Release|x64 = Release|x64
		Release|x86 = Release|x86
	EndGlobalSection
	GlobalSection(ProjectConfigurationPlatforms) = postSolution
		{C7167BDA-35CB-478A-A314-F2D194AD6C2D}.Debug|x64.ActiveCfg = Debug|x64
		{C7167BDA-35CB-478A-A314-F2D194AD6C2D}.Debug|x64.Build.0 = Debug|x64
		{C7167BDA-35CB-478A-A314-F2D194AD6C2D}.Debug|x86.ActiveCfg = Debug|Win32
		{C7167BDA-35CB-478A-A314-F2D194AD6C2D}.Debug|x86.Build.0 = Debug|Win32
		{C7167BDA-35CB-478A-A314-F2D194AD6C2D}.Release|x64.ActiveCfg = Release|x64
		{C7167BDA-35CB-478A-A314-F2D194AD6C2D}.Release|x64.Build.0 = Release|x64
		{C7167BDA-35CB-478A-A314-F2D194AD6C2D}.Release|x86.ActiveCfg = Release|Win32
		{C7167BDA-35CB-478A-A314-F2D194AD6C2D}.Release|x86.Build.0 = Release|Win32
		{6C95AD7E-FA9A-42FD-835A-EF787C4AB1E2}.Debug|x64.ActiveCfg = Debug|x64
		{6C95AD7E-FA9A-42FD-835A-EF787C4AB1E2}.Debug|x64.Build.0 = Debug|x64
		{6C95AD7E-FA9A-42FD-835A-EF787C4AB1E2}.Debug|x86.ActiveCfg = Debug|Win32
		{6C95AD7E-FA9A-42FD-835A-EF787C4AB1E2}.Debug|x86.Build.0 = Debug|Win32
		{6C95AD7E-FA9A-42FD-835A-EF787C4AB1E2}.Release|x64.ActiveCfg = Release|x64
		{6C95AD7E-FA9A-42FD-835A-EF787C4AB1E2}.Release|x64.Build.0 = Release|x64
		{6C95AD7E-FA9A-42FD-835A-EF787C4AB1E2}.Release|x86.ActiveCfg = Release|Win32
		{6C95AD7E-FA9A-42FD-835A-EF787C4AB1E2}.Release|x86.Build.0 = Release|Win32
		{EDB25212-1FAB-4964-AB49-4375F9C955F0}.Debug|x64.ActiveCfg = Debug|x64
		{EDB25212-1FAB-4964-AB49-4375F9C955F0}.Debug|x64.Build.0 = Debug|x64
		{EDB25212-1FAB-4964-AB49-4375F9C955F0}.Debug|x86.ActiveCfg = Debug|Win32
		{EDB25212-1FAB-4964-AB49-4375F9C955F0}.Debug|x86.Build.0 = Debug|Win32
		{EDB25212-1FAB-4964-AB49-4375F9C955F0}.Release|x64.ActiveCfg = Release|x64
		{EDB25212-1FAB-4964-AB49-4375F9C955F0}.Release|x64.Build.0 = Release|x64
		{EDB25212-1FAB-4964-AB49-4375F9C955F0}.Release|x86.ActiveCfg = Release|Win32
		{EDB25212-1FAB-4964-AB49-4375F9C955F0}.Release|x86.Build.0 = Release|Win32
		{5E7319A1-B077-4B72-B5C7-C0D58F2E2CE6}.Debug|x64.ActiveCfg = Debug|x64
		{5E7319A1-B077-4B72-B5C7-C0D58F2E2CE6}.Debug|x64.Build.0 = Debug|x64
		{5E7319A1-B077-4B72-B5C7-C0D58F2E2CE6}.Debug|x86.ActiveCfg = Debug|Win32
		{5E7319A1-B077-4B72-B5C7-C0D58F2E2CE6}.Debug|x86.Build.0 = Debug|Win32
		{5E7319A1-B077-4B72-B5C7-C0D58F2E2CE6}.Release|x64.ActiveCfg = Release|x64
		{5E7319A1-B077-4B72-B5C7-C0D58F2E2CE6}.Release|x64.Build.0 = Release|x64
		{5E7319A1-B077-4B72-B5C7-C0D58F2E2CE6}.Release|x86.ActiveCfg = Release|Win32
		{5E7319A1-B077-4B72-B5C7-C0D58F2E2CE6}.Release|x86.Build.0 = Release|Win32
		{34CDB791-141D-430D-BD64-F2BEDAA53629}.Debug|x64.ActiveCfg = Debug|x64
		{34CDB791-141D-430D-BD64-F2BEDAA53629}.Debug|x64.Build.0 = Debug|x64
		{34CDB791-141D-430D-BD64-F2BEDAA53629}.Debug|x86.ActiveCfg = Debug|Win32
		{34CDB791-141D-430D-BD64-F2BEDAA53629}.Debug|x86.Build.0 = Debug|Win32
		{34CDB791-141D-430D-BD64-F2BEDAA53629}.Release|x64.ActiveCfg = Release|x64
		{34CDB791-141D-430D-BD64-F2BEDAA53629}.Release|x64.Build.0 = Release|x64
		{34CDB791-141D-430D-BD64-F2BEDAA53629}.Release|x86.ActiveCfg = Release|Win32
		{34CDB791-141D-430D-BD64-F2BEDAA53629}.Release|x86.Build.0 = Release|Win32
		{B9C77D90-AFBF-4EB2-8829-DD453763BE47}.Debug|x64.ActiveCfg = Debug|x64
		{B9C77D90-AFBF-4EB2-8829-DD453763BE47}.Debug|x64.Build.0 = Debug|x64
		{B9C77D90-AFBF-4EB2-8829-DD453763BE47}.Debug|x86.ActiveCfg = Debug|Win32
		{B9C77D90-AFBF-4EB2-8829-DD453763BE47}.Debug|x86.Build.0 = Debug|Win32
		{B9C77D90-AFBF-4EB2-8829-DD453763BE47}.Release|x64.ActiveCfg = Release|x64
		{B9C77D90-AFBF-4EB2-8829-DD453763BE47}.Release|x64.Build.0 = Release|x64
		{B9C77D90-AFBF-4EB2-8829-DD453763BE47}.Release|x86.ActiveCfg = Release|Win32
		{B9C77D90-AFBF-4EB2-8829-DD453763BE47}.Release|x86.Build.0 = Release|Win32
		{DFF03DC3-F6F5-41CF-9B5E-927A7351525C}.Debug|x64.ActiveCfg = Debug|x64
		{DFF03DC3-F6F5-41CF-9B5E-927A7351525C}.Debug|x64.Build.0 = Debug|x64
		{DFF03DC3-F6F5-41CF-9B5E-927A7351525C}.Debug|x86.ActiveCfg = Debug|Win32
		{DFF03DC3-F6F5-41CF-9B5E-927A7351525C}.Debug|x86.Build.0 = Debug|Win32
		{DFF03DC3-F6F5-41CF-9B5E-927A7351525C}.Release|x64.ActiveCfg = Release|x64
		{DFF03DC3-F6F5-41CF-9B5E-927A7351525C}.Release|x64.Build.0 = Release|x64
		{DFF03DC3-F6F5-41CF-9B5E-927A7351525C}.Release|x86.ActiveCfg = Release|Win32
		{DFF03DC3-F6F5-41CF-9B5E-927A7351525C}.Release|x86.Build.0 = Release|Win32
	EndGlobalSection
	GlobalSection(SolutionProperties) = preSolution
		HideSolutionNode = FALSE
	EndGlobalSection
	GlobalSection(ExtensibilityGlobals) = postSolution
		SolutionGuid = {0465FBAB-1786-45C4-85AD-313502E03B38}
	EndGlobalSection
EndGlobal
