
Microsoft Visual Studio Solution File, Format Version 12.00
# Visual Studio Version 16
VisualStudioVersion = 16.0.30523.141
MinimumVisualStudioVersion = 10.0.40219.1
Project("{8BC9CEB8-8B4A-11D0-8D11-00A0C91BC942}") = "LAB5a", "LAB5a\LAB5a.vcxproj", "{E7A23E9E-BC31-418A-9F84-51DC36B4C947}"
EndProject
Project("{8BC9CEB8-8B4A-11D0-8D11-00A0C91BC942}") = "HW5a_2", "HW5a_2\HW5a_2.vcxproj", "{33D544EB-68B7-48FE-A7BE-DEF9828E5C26}"
EndProject
Project("{8BC9CEB8-8B4A-11D0-8D11-00A0C91BC942}") = "challenge5_1", "challenge5_1\challenge5_1.vcxproj", "{C06459F7-7D3F-4F29-AA18-F1BEF8A7174F}"
EndProject
Project("{8BC9CEB8-8B4A-11D0-8D11-00A0C91BC942}") = "LAB5a_", "LAB5a_\LAB5a_.vcxproj", "{B1B26FEA-0B6F-437C-8804-B4B3177AB667}"
EndProject
Project("{8BC9CEB8-8B4A-11D0-8D11-00A0C91BC942}") = "HW5a", "HW5a\HW5a.vcxproj", "{9B025417-F2F5-4A8D-A470-DAB67EE460D0}"
EndProject
Project("{8BC9CEB8-8B4A-11D0-8D11-00A0C91BC942}") = "HW지뢰", "HW지뢰\HW지뢰.vcxproj", "{F7AFC173-7E44-47C6-BB72-ACDAC3E4B203}"
EndProject
Global
	GlobalSection(SolutionConfigurationPlatforms) = preSolution
		Debug|x64 = Debug|x64
		Debug|x86 = Debug|x86
		Release|x64 = Release|x64
		Release|x86 = Release|x86
	EndGlobalSection
	GlobalSection(ProjectConfigurationPlatforms) = postSolution
		{E7A23E9E-BC31-418A-9F84-51DC36B4C947}.Debug|x64.ActiveCfg = Debug|x64
		{E7A23E9E-BC31-418A-9F84-51DC36B4C947}.Debug|x64.Build.0 = Debug|x64
		{E7A23E9E-BC31-418A-9F84-51DC36B4C947}.Debug|x86.ActiveCfg = Debug|Win32
		{E7A23E9E-BC31-418A-9F84-51DC36B4C947}.Debug|x86.Build.0 = Debug|Win32
		{E7A23E9E-BC31-418A-9F84-51DC36B4C947}.Release|x64.ActiveCfg = Release|x64
		{E7A23E9E-BC31-418A-9F84-51DC36B4C947}.Release|x64.Build.0 = Release|x64
		{E7A23E9E-BC31-418A-9F84-51DC36B4C947}.Release|x86.ActiveCfg = Release|Win32
		{E7A23E9E-BC31-418A-9F84-51DC36B4C947}.Release|x86.Build.0 = Release|Win32
		{33D544EB-68B7-48FE-A7BE-DEF9828E5C26}.Debug|x64.ActiveCfg = Debug|x64
		{33D544EB-68B7-48FE-A7BE-DEF9828E5C26}.Debug|x64.Build.0 = Debug|x64
		{33D544EB-68B7-48FE-A7BE-DEF9828E5C26}.Debug|x86.ActiveCfg = Debug|Win32
		{33D544EB-68B7-48FE-A7BE-DEF9828E5C26}.Debug|x86.Build.0 = Debug|Win32
		{33D544EB-68B7-48FE-A7BE-DEF9828E5C26}.Release|x64.ActiveCfg = Release|x64
		{33D544EB-68B7-48FE-A7BE-DEF9828E5C26}.Release|x64.Build.0 = Release|x64
		{33D544EB-68B7-48FE-A7BE-DEF9828E5C26}.Release|x86.ActiveCfg = Release|Win32
		{33D544EB-68B7-48FE-A7BE-DEF9828E5C26}.Release|x86.Build.0 = Release|Win32
		{C06459F7-7D3F-4F29-AA18-F1BEF8A7174F}.Debug|x64.ActiveCfg = Debug|x64
		{C06459F7-7D3F-4F29-AA18-F1BEF8A7174F}.Debug|x64.Build.0 = Debug|x64
		{C06459F7-7D3F-4F29-AA18-F1BEF8A7174F}.Debug|x86.ActiveCfg = Debug|Win32
		{C06459F7-7D3F-4F29-AA18-F1BEF8A7174F}.Debug|x86.Build.0 = Debug|Win32
		{C06459F7-7D3F-4F29-AA18-F1BEF8A7174F}.Release|x64.ActiveCfg = Release|x64
		{C06459F7-7D3F-4F29-AA18-F1BEF8A7174F}.Release|x64.Build.0 = Release|x64
		{C06459F7-7D3F-4F29-AA18-F1BEF8A7174F}.Release|x86.ActiveCfg = Release|Win32
		{C06459F7-7D3F-4F29-AA18-F1BEF8A7174F}.Release|x86.Build.0 = Release|Win32
		{B1B26FEA-0B6F-437C-8804-B4B3177AB667}.Debug|x64.ActiveCfg = Debug|x64
		{B1B26FEA-0B6F-437C-8804-B4B3177AB667}.Debug|x64.Build.0 = Debug|x64
		{B1B26FEA-0B6F-437C-8804-B4B3177AB667}.Debug|x86.ActiveCfg = Debug|Win32
		{B1B26FEA-0B6F-437C-8804-B4B3177AB667}.Debug|x86.Build.0 = Debug|Win32
		{B1B26FEA-0B6F-437C-8804-B4B3177AB667}.Release|x64.ActiveCfg = Release|x64
		{B1B26FEA-0B6F-437C-8804-B4B3177AB667}.Release|x64.Build.0 = Release|x64
		{B1B26FEA-0B6F-437C-8804-B4B3177AB667}.Release|x86.ActiveCfg = Release|Win32
		{B1B26FEA-0B6F-437C-8804-B4B3177AB667}.Release|x86.Build.0 = Release|Win32
		{9B025417-F2F5-4A8D-A470-DAB67EE460D0}.Debug|x64.ActiveCfg = Debug|x64
		{9B025417-F2F5-4A8D-A470-DAB67EE460D0}.Debug|x64.Build.0 = Debug|x64
		{9B025417-F2F5-4A8D-A470-DAB67EE460D0}.Debug|x86.ActiveCfg = Debug|Win32
		{9B025417-F2F5-4A8D-A470-DAB67EE460D0}.Debug|x86.Build.0 = Debug|Win32
		{9B025417-F2F5-4A8D-A470-DAB67EE460D0}.Release|x64.ActiveCfg = Release|x64
		{9B025417-F2F5-4A8D-A470-DAB67EE460D0}.Release|x64.Build.0 = Release|x64
		{9B025417-F2F5-4A8D-A470-DAB67EE460D0}.Release|x86.ActiveCfg = Release|Win32
		{9B025417-F2F5-4A8D-A470-DAB67EE460D0}.Release|x86.Build.0 = Release|Win32
		{F7AFC173-7E44-47C6-BB72-ACDAC3E4B203}.Debug|x64.ActiveCfg = Debug|x64
		{F7AFC173-7E44-47C6-BB72-ACDAC3E4B203}.Debug|x64.Build.0 = Debug|x64
		{F7AFC173-7E44-47C6-BB72-ACDAC3E4B203}.Debug|x86.ActiveCfg = Debug|Win32
		{F7AFC173-7E44-47C6-BB72-ACDAC3E4B203}.Debug|x86.Build.0 = Debug|Win32
		{F7AFC173-7E44-47C6-BB72-ACDAC3E4B203}.Release|x64.ActiveCfg = Release|x64
		{F7AFC173-7E44-47C6-BB72-ACDAC3E4B203}.Release|x64.Build.0 = Release|x64
		{F7AFC173-7E44-47C6-BB72-ACDAC3E4B203}.Release|x86.ActiveCfg = Release|Win32
		{F7AFC173-7E44-47C6-BB72-ACDAC3E4B203}.Release|x86.Build.0 = Release|Win32
	EndGlobalSection
	GlobalSection(SolutionProperties) = preSolution
		HideSolutionNode = FALSE
	EndGlobalSection
	GlobalSection(ExtensibilityGlobals) = postSolution
		SolutionGuid = {0E969753-B51B-40D2-95FE-3784457DFCFE}
	EndGlobalSection
EndGlobal
