
Microsoft Visual Studio Solution File, Format Version 12.00
# Visual Studio Version 17
VisualStudioVersion = 17.5.33516.290
MinimumVisualStudioVersion = 10.0.40219.1
Project("{8BC9CEB8-8B4A-11D0-8D11-00A0C91BC942}") = "LAB8_1", "LAB8_1\LAB8_1.vcxproj", "{A6460F3E-0C92-4EC6-A64E-CD206277D3E0}"
EndProject
Project("{8BC9CEB8-8B4A-11D0-8D11-00A0C91BC942}") = "LAB8_2", "LAB8_2\LAB8_2.vcxproj", "{38C2CBB4-1263-457D-B2AA-82A6F4823743}"
EndProject
Project("{8BC9CEB8-8B4A-11D0-8D11-00A0C91BC942}") = "LAB8_3", "LAB8_3\LAB8_3.vcxproj", "{AEB8AC4C-808B-4E89-91BB-7CD6DDD014F2}"
EndProject
Project("{8BC9CEB8-8B4A-11D0-8D11-00A0C91BC942}") = "LAB8_3_2", "LAB8_3_2\LAB8_3_2.vcxproj", "{14F4160D-0067-482C-B9FC-F2806D952D83}"
EndProject
Project("{8BC9CEB8-8B4A-11D0-8D11-00A0C91BC942}") = "LAB8_4", "LAB8_4\LAB8_4.vcxproj", "{9E608558-9C9F-4BBE-9CE3-D30575A50C19}"
EndProject
Project("{8BC9CEB8-8B4A-11D0-8D11-00A0C91BC942}") = "HW8_1", "HW8_1\HW8_1.vcxproj", "{5B1D2D9D-220F-4479-B6AF-773161F101F8}"
EndProject
Project("{8BC9CEB8-8B4A-11D0-8D11-00A0C91BC942}") = "HW8_2", "HW8_2\HW8_2.vcxproj", "{BFB04146-07AC-4CE3-8331-96B66FCD88D9}"
EndProject
Project("{8BC9CEB8-8B4A-11D0-8D11-00A0C91BC942}") = "HW8_3", "HW8_3\HW8_3.vcxproj", "{C26161DA-C7A6-43C5-8AA0-121BCD9ABC9D}"
EndProject
Global
	GlobalSection(SolutionConfigurationPlatforms) = preSolution
		Debug|x64 = Debug|x64
		Debug|x86 = Debug|x86
		Release|x64 = Release|x64
		Release|x86 = Release|x86
	EndGlobalSection
	GlobalSection(ProjectConfigurationPlatforms) = postSolution
		{A6460F3E-0C92-4EC6-A64E-CD206277D3E0}.Debug|x64.ActiveCfg = Debug|x64
		{A6460F3E-0C92-4EC6-A64E-CD206277D3E0}.Debug|x64.Build.0 = Debug|x64
		{A6460F3E-0C92-4EC6-A64E-CD206277D3E0}.Debug|x86.ActiveCfg = Debug|Win32
		{A6460F3E-0C92-4EC6-A64E-CD206277D3E0}.Debug|x86.Build.0 = Debug|Win32
		{A6460F3E-0C92-4EC6-A64E-CD206277D3E0}.Release|x64.ActiveCfg = Release|x64
		{A6460F3E-0C92-4EC6-A64E-CD206277D3E0}.Release|x64.Build.0 = Release|x64
		{A6460F3E-0C92-4EC6-A64E-CD206277D3E0}.Release|x86.ActiveCfg = Release|Win32
		{A6460F3E-0C92-4EC6-A64E-CD206277D3E0}.Release|x86.Build.0 = Release|Win32
		{38C2CBB4-1263-457D-B2AA-82A6F4823743}.Debug|x64.ActiveCfg = Debug|x64
		{38C2CBB4-1263-457D-B2AA-82A6F4823743}.Debug|x64.Build.0 = Debug|x64
		{38C2CBB4-1263-457D-B2AA-82A6F4823743}.Debug|x86.ActiveCfg = Debug|Win32
		{38C2CBB4-1263-457D-B2AA-82A6F4823743}.Debug|x86.Build.0 = Debug|Win32
		{38C2CBB4-1263-457D-B2AA-82A6F4823743}.Release|x64.ActiveCfg = Release|x64
		{38C2CBB4-1263-457D-B2AA-82A6F4823743}.Release|x64.Build.0 = Release|x64
		{38C2CBB4-1263-457D-B2AA-82A6F4823743}.Release|x86.ActiveCfg = Release|Win32
		{38C2CBB4-1263-457D-B2AA-82A6F4823743}.Release|x86.Build.0 = Release|Win32
		{AEB8AC4C-808B-4E89-91BB-7CD6DDD014F2}.Debug|x64.ActiveCfg = Debug|x64
		{AEB8AC4C-808B-4E89-91BB-7CD6DDD014F2}.Debug|x64.Build.0 = Debug|x64
		{AEB8AC4C-808B-4E89-91BB-7CD6DDD014F2}.Debug|x86.ActiveCfg = Debug|Win32
		{AEB8AC4C-808B-4E89-91BB-7CD6DDD014F2}.Debug|x86.Build.0 = Debug|Win32
		{AEB8AC4C-808B-4E89-91BB-7CD6DDD014F2}.Release|x64.ActiveCfg = Release|x64
		{AEB8AC4C-808B-4E89-91BB-7CD6DDD014F2}.Release|x64.Build.0 = Release|x64
		{AEB8AC4C-808B-4E89-91BB-7CD6DDD014F2}.Release|x86.ActiveCfg = Release|Win32
		{AEB8AC4C-808B-4E89-91BB-7CD6DDD014F2}.Release|x86.Build.0 = Release|Win32
		{14F4160D-0067-482C-B9FC-F2806D952D83}.Debug|x64.ActiveCfg = Debug|x64
		{14F4160D-0067-482C-B9FC-F2806D952D83}.Debug|x64.Build.0 = Debug|x64
		{14F4160D-0067-482C-B9FC-F2806D952D83}.Debug|x86.ActiveCfg = Debug|Win32
		{14F4160D-0067-482C-B9FC-F2806D952D83}.Debug|x86.Build.0 = Debug|Win32
		{14F4160D-0067-482C-B9FC-F2806D952D83}.Release|x64.ActiveCfg = Release|x64
		{14F4160D-0067-482C-B9FC-F2806D952D83}.Release|x64.Build.0 = Release|x64
		{14F4160D-0067-482C-B9FC-F2806D952D83}.Release|x86.ActiveCfg = Release|Win32
		{14F4160D-0067-482C-B9FC-F2806D952D83}.Release|x86.Build.0 = Release|Win32
		{9E608558-9C9F-4BBE-9CE3-D30575A50C19}.Debug|x64.ActiveCfg = Debug|x64
		{9E608558-9C9F-4BBE-9CE3-D30575A50C19}.Debug|x64.Build.0 = Debug|x64
		{9E608558-9C9F-4BBE-9CE3-D30575A50C19}.Debug|x86.ActiveCfg = Debug|Win32
		{9E608558-9C9F-4BBE-9CE3-D30575A50C19}.Debug|x86.Build.0 = Debug|Win32
		{9E608558-9C9F-4BBE-9CE3-D30575A50C19}.Release|x64.ActiveCfg = Release|x64
		{9E608558-9C9F-4BBE-9CE3-D30575A50C19}.Release|x64.Build.0 = Release|x64
		{9E608558-9C9F-4BBE-9CE3-D30575A50C19}.Release|x86.ActiveCfg = Release|Win32
		{9E608558-9C9F-4BBE-9CE3-D30575A50C19}.Release|x86.Build.0 = Release|Win32
		{5B1D2D9D-220F-4479-B6AF-773161F101F8}.Debug|x64.ActiveCfg = Debug|x64
		{5B1D2D9D-220F-4479-B6AF-773161F101F8}.Debug|x64.Build.0 = Debug|x64
		{5B1D2D9D-220F-4479-B6AF-773161F101F8}.Debug|x86.ActiveCfg = Debug|Win32
		{5B1D2D9D-220F-4479-B6AF-773161F101F8}.Debug|x86.Build.0 = Debug|Win32
		{5B1D2D9D-220F-4479-B6AF-773161F101F8}.Release|x64.ActiveCfg = Release|x64
		{5B1D2D9D-220F-4479-B6AF-773161F101F8}.Release|x64.Build.0 = Release|x64
		{5B1D2D9D-220F-4479-B6AF-773161F101F8}.Release|x86.ActiveCfg = Release|Win32
		{5B1D2D9D-220F-4479-B6AF-773161F101F8}.Release|x86.Build.0 = Release|Win32
		{BFB04146-07AC-4CE3-8331-96B66FCD88D9}.Debug|x64.ActiveCfg = Debug|x64
		{BFB04146-07AC-4CE3-8331-96B66FCD88D9}.Debug|x64.Build.0 = Debug|x64
		{BFB04146-07AC-4CE3-8331-96B66FCD88D9}.Debug|x86.ActiveCfg = Debug|Win32
		{BFB04146-07AC-4CE3-8331-96B66FCD88D9}.Debug|x86.Build.0 = Debug|Win32
		{BFB04146-07AC-4CE3-8331-96B66FCD88D9}.Release|x64.ActiveCfg = Release|x64
		{BFB04146-07AC-4CE3-8331-96B66FCD88D9}.Release|x64.Build.0 = Release|x64
		{BFB04146-07AC-4CE3-8331-96B66FCD88D9}.Release|x86.ActiveCfg = Release|Win32
		{BFB04146-07AC-4CE3-8331-96B66FCD88D9}.Release|x86.Build.0 = Release|Win32
		{C26161DA-C7A6-43C5-8AA0-121BCD9ABC9D}.Debug|x64.ActiveCfg = Debug|x64
		{C26161DA-C7A6-43C5-8AA0-121BCD9ABC9D}.Debug|x64.Build.0 = Debug|x64
		{C26161DA-C7A6-43C5-8AA0-121BCD9ABC9D}.Debug|x86.ActiveCfg = Debug|Win32
		{C26161DA-C7A6-43C5-8AA0-121BCD9ABC9D}.Debug|x86.Build.0 = Debug|Win32
		{C26161DA-C7A6-43C5-8AA0-121BCD9ABC9D}.Release|x64.ActiveCfg = Release|x64
		{C26161DA-C7A6-43C5-8AA0-121BCD9ABC9D}.Release|x64.Build.0 = Release|x64
		{C26161DA-C7A6-43C5-8AA0-121BCD9ABC9D}.Release|x86.ActiveCfg = Release|Win32
		{C26161DA-C7A6-43C5-8AA0-121BCD9ABC9D}.Release|x86.Build.0 = Release|Win32
	EndGlobalSection
	GlobalSection(SolutionProperties) = preSolution
		HideSolutionNode = FALSE
	EndGlobalSection
	GlobalSection(ExtensibilityGlobals) = postSolution
		SolutionGuid = {A8390787-EC57-45EB-B7D7-8EAB6FC778FE}
	EndGlobalSection
EndGlobal
