
Microsoft Visual Studio Solution File, Format Version 12.00
# Visual Studio Version 16
VisualStudioVersion = 16.0.30523.141
MinimumVisualStudioVersion = 10.0.40219.1
Project("{8BC9CEB8-8B4A-11D0-8D11-00A0C91BC942}") = "LABHW3_1", "LABHW3_1\LABHW3_1.vcxproj", "{44EC21C3-E819-40AE-96B8-0BB28A529A8C}"
EndProject
Project("{8BC9CEB8-8B4A-11D0-8D11-00A0C91BC942}") = "LABHW3_2", "LABHW3_2\LABHW3_2.vcxproj", "{42ECB860-425E-4CFA-985E-AA593778B70E}"
EndProject
Project("{8BC9CEB8-8B4A-11D0-8D11-00A0C91BC942}") = "LABHW3_3_1", "LABHW3_3_1\LABHW3_3_1.vcxproj", "{0FF934F0-C678-4194-8D97-5736C679E7EC}"
EndProject
Project("{8BC9CEB8-8B4A-11D0-8D11-00A0C91BC942}") = "LABHW3_3_2", "LABHW3_3_2\LABHW3_3_2.vcxproj", "{0943591D-E8A8-42D9-B8AE-B1A6A8AA0669}"
EndProject
Project("{8BC9CEB8-8B4A-11D0-8D11-00A0C91BC942}") = "LABHW3_3_challenge", "LABHW3_3_challenge\LABHW3_3_challenge.vcxproj", "{33250A86-4C91-4E54-9472-07B648CDC651}"
EndProject
Project("{8BC9CEB8-8B4A-11D0-8D11-00A0C91BC942}") = "LABHW3_4_1", "LABHW3_4_1\LABHW3_4_1.vcxproj", "{FE16BC7F-2DC9-483C-BBBB-3BE75DB82B32}"
EndProject
Project("{8BC9CEB8-8B4A-11D0-8D11-00A0C91BC942}") = "LABHW3_4_2", "LABHW3_4_2\LABHW3_4_2.vcxproj", "{096E71E4-E01F-4E9F-87EB-D8EC90E8494C}"
EndProject
Project("{8BC9CEB8-8B4A-11D0-8D11-00A0C91BC942}") = "LABHW3_5", "LABHW3_5\LABHW3_5.vcxproj", "{74E32D7A-ECDC-4755-B3B5-F2155A819B87}"
EndProject
Global
	GlobalSection(SolutionConfigurationPlatforms) = preSolution
		Debug|x64 = Debug|x64
		Debug|x86 = Debug|x86
		Release|x64 = Release|x64
		Release|x86 = Release|x86
	EndGlobalSection
	GlobalSection(ProjectConfigurationPlatforms) = postSolution
		{44EC21C3-E819-40AE-96B8-0BB28A529A8C}.Debug|x64.ActiveCfg = Debug|x64
		{44EC21C3-E819-40AE-96B8-0BB28A529A8C}.Debug|x64.Build.0 = Debug|x64
		{44EC21C3-E819-40AE-96B8-0BB28A529A8C}.Debug|x86.ActiveCfg = Debug|Win32
		{44EC21C3-E819-40AE-96B8-0BB28A529A8C}.Debug|x86.Build.0 = Debug|Win32
		{44EC21C3-E819-40AE-96B8-0BB28A529A8C}.Release|x64.ActiveCfg = Release|x64
		{44EC21C3-E819-40AE-96B8-0BB28A529A8C}.Release|x64.Build.0 = Release|x64
		{44EC21C3-E819-40AE-96B8-0BB28A529A8C}.Release|x86.ActiveCfg = Release|Win32
		{44EC21C3-E819-40AE-96B8-0BB28A529A8C}.Release|x86.Build.0 = Release|Win32
		{42ECB860-425E-4CFA-985E-AA593778B70E}.Debug|x64.ActiveCfg = Debug|x64
		{42ECB860-425E-4CFA-985E-AA593778B70E}.Debug|x64.Build.0 = Debug|x64
		{42ECB860-425E-4CFA-985E-AA593778B70E}.Debug|x86.ActiveCfg = Debug|Win32
		{42ECB860-425E-4CFA-985E-AA593778B70E}.Debug|x86.Build.0 = Debug|Win32
		{42ECB860-425E-4CFA-985E-AA593778B70E}.Release|x64.ActiveCfg = Release|x64
		{42ECB860-425E-4CFA-985E-AA593778B70E}.Release|x64.Build.0 = Release|x64
		{42ECB860-425E-4CFA-985E-AA593778B70E}.Release|x86.ActiveCfg = Release|Win32
		{42ECB860-425E-4CFA-985E-AA593778B70E}.Release|x86.Build.0 = Release|Win32
		{0FF934F0-C678-4194-8D97-5736C679E7EC}.Debug|x64.ActiveCfg = Debug|x64
		{0FF934F0-C678-4194-8D97-5736C679E7EC}.Debug|x64.Build.0 = Debug|x64
		{0FF934F0-C678-4194-8D97-5736C679E7EC}.Debug|x86.ActiveCfg = Debug|Win32
		{0FF934F0-C678-4194-8D97-5736C679E7EC}.Debug|x86.Build.0 = Debug|Win32
		{0FF934F0-C678-4194-8D97-5736C679E7EC}.Release|x64.ActiveCfg = Release|x64
		{0FF934F0-C678-4194-8D97-5736C679E7EC}.Release|x64.Build.0 = Release|x64
		{0FF934F0-C678-4194-8D97-5736C679E7EC}.Release|x86.ActiveCfg = Release|Win32
		{0FF934F0-C678-4194-8D97-5736C679E7EC}.Release|x86.Build.0 = Release|Win32
		{0943591D-E8A8-42D9-B8AE-B1A6A8AA0669}.Debug|x64.ActiveCfg = Debug|x64
		{0943591D-E8A8-42D9-B8AE-B1A6A8AA0669}.Debug|x64.Build.0 = Debug|x64
		{0943591D-E8A8-42D9-B8AE-B1A6A8AA0669}.Debug|x86.ActiveCfg = Debug|Win32
		{0943591D-E8A8-42D9-B8AE-B1A6A8AA0669}.Debug|x86.Build.0 = Debug|Win32
		{0943591D-E8A8-42D9-B8AE-B1A6A8AA0669}.Release|x64.ActiveCfg = Release|x64
		{0943591D-E8A8-42D9-B8AE-B1A6A8AA0669}.Release|x64.Build.0 = Release|x64
		{0943591D-E8A8-42D9-B8AE-B1A6A8AA0669}.Release|x86.ActiveCfg = Release|Win32
		{0943591D-E8A8-42D9-B8AE-B1A6A8AA0669}.Release|x86.Build.0 = Release|Win32
		{33250A86-4C91-4E54-9472-07B648CDC651}.Debug|x64.ActiveCfg = Debug|x64
		{33250A86-4C91-4E54-9472-07B648CDC651}.Debug|x64.Build.0 = Debug|x64
		{33250A86-4C91-4E54-9472-07B648CDC651}.Debug|x86.ActiveCfg = Debug|Win32
		{33250A86-4C91-4E54-9472-07B648CDC651}.Debug|x86.Build.0 = Debug|Win32
		{33250A86-4C91-4E54-9472-07B648CDC651}.Release|x64.ActiveCfg = Release|x64
		{33250A86-4C91-4E54-9472-07B648CDC651}.Release|x64.Build.0 = Release|x64
		{33250A86-4C91-4E54-9472-07B648CDC651}.Release|x86.ActiveCfg = Release|Win32
		{33250A86-4C91-4E54-9472-07B648CDC651}.Release|x86.Build.0 = Release|Win32
		{FE16BC7F-2DC9-483C-BBBB-3BE75DB82B32}.Debug|x64.ActiveCfg = Debug|x64
		{FE16BC7F-2DC9-483C-BBBB-3BE75DB82B32}.Debug|x64.Build.0 = Debug|x64
		{FE16BC7F-2DC9-483C-BBBB-3BE75DB82B32}.Debug|x86.ActiveCfg = Debug|Win32
		{FE16BC7F-2DC9-483C-BBBB-3BE75DB82B32}.Debug|x86.Build.0 = Debug|Win32
		{FE16BC7F-2DC9-483C-BBBB-3BE75DB82B32}.Release|x64.ActiveCfg = Release|x64
		{FE16BC7F-2DC9-483C-BBBB-3BE75DB82B32}.Release|x64.Build.0 = Release|x64
		{FE16BC7F-2DC9-483C-BBBB-3BE75DB82B32}.Release|x86.ActiveCfg = Release|Win32
		{FE16BC7F-2DC9-483C-BBBB-3BE75DB82B32}.Release|x86.Build.0 = Release|Win32
		{096E71E4-E01F-4E9F-87EB-D8EC90E8494C}.Debug|x64.ActiveCfg = Debug|x64
		{096E71E4-E01F-4E9F-87EB-D8EC90E8494C}.Debug|x64.Build.0 = Debug|x64
		{096E71E4-E01F-4E9F-87EB-D8EC90E8494C}.Debug|x86.ActiveCfg = Debug|Win32
		{096E71E4-E01F-4E9F-87EB-D8EC90E8494C}.Debug|x86.Build.0 = Debug|Win32
		{096E71E4-E01F-4E9F-87EB-D8EC90E8494C}.Release|x64.ActiveCfg = Release|x64
		{096E71E4-E01F-4E9F-87EB-D8EC90E8494C}.Release|x64.Build.0 = Release|x64
		{096E71E4-E01F-4E9F-87EB-D8EC90E8494C}.Release|x86.ActiveCfg = Release|Win32
		{096E71E4-E01F-4E9F-87EB-D8EC90E8494C}.Release|x86.Build.0 = Release|Win32
		{74E32D7A-ECDC-4755-B3B5-F2155A819B87}.Debug|x64.ActiveCfg = Debug|x64
		{74E32D7A-ECDC-4755-B3B5-F2155A819B87}.Debug|x64.Build.0 = Debug|x64
		{74E32D7A-ECDC-4755-B3B5-F2155A819B87}.Debug|x86.ActiveCfg = Debug|Win32
		{74E32D7A-ECDC-4755-B3B5-F2155A819B87}.Debug|x86.Build.0 = Debug|Win32
		{74E32D7A-ECDC-4755-B3B5-F2155A819B87}.Release|x64.ActiveCfg = Release|x64
		{74E32D7A-ECDC-4755-B3B5-F2155A819B87}.Release|x64.Build.0 = Release|x64
		{74E32D7A-ECDC-4755-B3B5-F2155A819B87}.Release|x86.ActiveCfg = Release|Win32
		{74E32D7A-ECDC-4755-B3B5-F2155A819B87}.Release|x86.Build.0 = Release|Win32
	EndGlobalSection
	GlobalSection(SolutionProperties) = preSolution
		HideSolutionNode = FALSE
	EndGlobalSection
	GlobalSection(ExtensibilityGlobals) = postSolution
		SolutionGuid = {DCF7FC3F-46E5-4F6B-AFC5-DB40831E496C}
	EndGlobalSection
EndGlobal
