
Microsoft Visual Studio Solution File, Format Version 12.00
# Visual Studio Version 16
VisualStudioVersion = 16.0.30523.141
MinimumVisualStudioVersion = 10.0.40219.1
Project("{8BC9CEB8-8B4A-11D0-8D11-00A0C91BC942}") = "LAB4_1", "LAB4_1\LAB4_1.vcxproj", "{F23F74A4-5C50-421A-BB78-53E52034C68C}"
EndProject
Project("{8BC9CEB8-8B4A-11D0-8D11-00A0C91BC942}") = "LAB4_2", "LAB4_2\LAB4_2.vcxproj", "{356705EF-8404-49B7-A6FC-946A9775EA7C}"
EndProject
Project("{8BC9CEB8-8B4A-11D0-8D11-00A0C91BC942}") = "LAB4_3", "LAB4_3\LAB4_3.vcxproj", "{3359935F-6067-4CED-9837-636FCA516465}"
EndProject
Project("{8BC9CEB8-8B4A-11D0-8D11-00A0C91BC942}") = "HW4_1", "HW4_1\HW4_1.vcxproj", "{07F6B3E8-E481-450B-865B-F2A964ECEE3A}"
EndProject
Project("{8BC9CEB8-8B4A-11D0-8D11-00A0C91BC942}") = "HW4_2", "HW4_2\HW4_2.vcxproj", "{C0EBE278-6132-4BDB-985A-5576E0D9ED22}"
EndProject
Project("{8BC9CEB8-8B4A-11D0-8D11-00A0C91BC942}") = "HW4_3_0", "HW4_3_0\HW4_3_0.vcxproj", "{1AB4032C-7404-4753-9CD0-A4DF84B99B5A}"
EndProject
Project("{8BC9CEB8-8B4A-11D0-8D11-00A0C91BC942}") = "HW4_3_1", "HW4_3_1\HW4_3_1.vcxproj", "{481C4076-CE35-4B55-99F0-D6F59BDF071B}"
EndProject
Project("{8BC9CEB8-8B4A-11D0-8D11-00A0C91BC942}") = "HW4_4", "HW4_4\HW4_4.vcxproj", "{A945B2A7-0516-46E6-AC4F-474410039FFE}"
EndProject
Project("{8BC9CEB8-8B4A-11D0-8D11-00A0C91BC942}") = "HW4_5_1", "HW4_5_1\HW4_5_1.vcxproj", "{E32E5067-6B0D-4D08-9781-20A752629DFB}"
EndProject
Project("{8BC9CEB8-8B4A-11D0-8D11-00A0C91BC942}") = "HW4_5_2", "HW4_5_2\HW4_5_2.vcxproj", "{0BB32F92-7C07-4A30-83AB-F631AD46770F}"
EndProject
Project("{8BC9CEB8-8B4A-11D0-8D11-00A0C91BC942}") = "Challenge4_2", "Challenge4_2\Challenge4_2.vcxproj", "{31F464BA-8509-4D77-BCF5-200E7A5A062B}"
EndProject
Project("{8BC9CEB8-8B4A-11D0-8D11-00A0C91BC942}") = "PREP", "PREP\PREP.vcxproj", "{D9749D1A-177D-4242-914A-22ED0492EC26}"
EndProject
Project("{8BC9CEB8-8B4A-11D0-8D11-00A0C91BC942}") = "PROJECT01", "PROJECT01\PROJECT01.vcxproj", "{FDF6E3AC-20DE-4E86-8CF2-3D7E5D7FCFC5}"
EndProject
Global
	GlobalSection(SolutionConfigurationPlatforms) = preSolution
		Debug|x64 = Debug|x64
		Debug|x86 = Debug|x86
		Release|x64 = Release|x64
		Release|x86 = Release|x86
	EndGlobalSection
	GlobalSection(ProjectConfigurationPlatforms) = postSolution
		{F23F74A4-5C50-421A-BB78-53E52034C68C}.Debug|x64.ActiveCfg = Debug|x64
		{F23F74A4-5C50-421A-BB78-53E52034C68C}.Debug|x64.Build.0 = Debug|x64
		{F23F74A4-5C50-421A-BB78-53E52034C68C}.Debug|x86.ActiveCfg = Debug|Win32
		{F23F74A4-5C50-421A-BB78-53E52034C68C}.Debug|x86.Build.0 = Debug|Win32
		{F23F74A4-5C50-421A-BB78-53E52034C68C}.Release|x64.ActiveCfg = Release|x64
		{F23F74A4-5C50-421A-BB78-53E52034C68C}.Release|x64.Build.0 = Release|x64
		{F23F74A4-5C50-421A-BB78-53E52034C68C}.Release|x86.ActiveCfg = Release|Win32
		{F23F74A4-5C50-421A-BB78-53E52034C68C}.Release|x86.Build.0 = Release|Win32
		{356705EF-8404-49B7-A6FC-946A9775EA7C}.Debug|x64.ActiveCfg = Debug|x64
		{356705EF-8404-49B7-A6FC-946A9775EA7C}.Debug|x64.Build.0 = Debug|x64
		{356705EF-8404-49B7-A6FC-946A9775EA7C}.Debug|x86.ActiveCfg = Debug|Win32
		{356705EF-8404-49B7-A6FC-946A9775EA7C}.Debug|x86.Build.0 = Debug|Win32
		{356705EF-8404-49B7-A6FC-946A9775EA7C}.Release|x64.ActiveCfg = Release|x64
		{356705EF-8404-49B7-A6FC-946A9775EA7C}.Release|x64.Build.0 = Release|x64
		{356705EF-8404-49B7-A6FC-946A9775EA7C}.Release|x86.ActiveCfg = Release|Win32
		{356705EF-8404-49B7-A6FC-946A9775EA7C}.Release|x86.Build.0 = Release|Win32
		{3359935F-6067-4CED-9837-636FCA516465}.Debug|x64.ActiveCfg = Debug|x64
		{3359935F-6067-4CED-9837-636FCA516465}.Debug|x64.Build.0 = Debug|x64
		{3359935F-6067-4CED-9837-636FCA516465}.Debug|x86.ActiveCfg = Debug|Win32
		{3359935F-6067-4CED-9837-636FCA516465}.Debug|x86.Build.0 = Debug|Win32
		{3359935F-6067-4CED-9837-636FCA516465}.Release|x64.ActiveCfg = Release|x64
		{3359935F-6067-4CED-9837-636FCA516465}.Release|x64.Build.0 = Release|x64
		{3359935F-6067-4CED-9837-636FCA516465}.Release|x86.ActiveCfg = Release|Win32
		{3359935F-6067-4CED-9837-636FCA516465}.Release|x86.Build.0 = Release|Win32
		{07F6B3E8-E481-450B-865B-F2A964ECEE3A}.Debug|x64.ActiveCfg = Debug|x64
		{07F6B3E8-E481-450B-865B-F2A964ECEE3A}.Debug|x64.Build.0 = Debug|x64
		{07F6B3E8-E481-450B-865B-F2A964ECEE3A}.Debug|x86.ActiveCfg = Debug|Win32
		{07F6B3E8-E481-450B-865B-F2A964ECEE3A}.Debug|x86.Build.0 = Debug|Win32
		{07F6B3E8-E481-450B-865B-F2A964ECEE3A}.Release|x64.ActiveCfg = Release|x64
		{07F6B3E8-E481-450B-865B-F2A964ECEE3A}.Release|x64.Build.0 = Release|x64
		{07F6B3E8-E481-450B-865B-F2A964ECEE3A}.Release|x86.ActiveCfg = Release|Win32
		{07F6B3E8-E481-450B-865B-F2A964ECEE3A}.Release|x86.Build.0 = Release|Win32
		{C0EBE278-6132-4BDB-985A-5576E0D9ED22}.Debug|x64.ActiveCfg = Debug|x64
		{C0EBE278-6132-4BDB-985A-5576E0D9ED22}.Debug|x64.Build.0 = Debug|x64
		{C0EBE278-6132-4BDB-985A-5576E0D9ED22}.Debug|x86.ActiveCfg = Debug|Win32
		{C0EBE278-6132-4BDB-985A-5576E0D9ED22}.Debug|x86.Build.0 = Debug|Win32
		{C0EBE278-6132-4BDB-985A-5576E0D9ED22}.Release|x64.ActiveCfg = Release|x64
		{C0EBE278-6132-4BDB-985A-5576E0D9ED22}.Release|x64.Build.0 = Release|x64
		{C0EBE278-6132-4BDB-985A-5576E0D9ED22}.Release|x86.ActiveCfg = Release|Win32
		{C0EBE278-6132-4BDB-985A-5576E0D9ED22}.Release|x86.Build.0 = Release|Win32
		{1AB4032C-7404-4753-9CD0-A4DF84B99B5A}.Debug|x64.ActiveCfg = Debug|x64
		{1AB4032C-7404-4753-9CD0-A4DF84B99B5A}.Debug|x64.Build.0 = Debug|x64
		{1AB4032C-7404-4753-9CD0-A4DF84B99B5A}.Debug|x86.ActiveCfg = Debug|Win32
		{1AB4032C-7404-4753-9CD0-A4DF84B99B5A}.Debug|x86.Build.0 = Debug|Win32
		{1AB4032C-7404-4753-9CD0-A4DF84B99B5A}.Release|x64.ActiveCfg = Release|x64
		{1AB4032C-7404-4753-9CD0-A4DF84B99B5A}.Release|x64.Build.0 = Release|x64
		{1AB4032C-7404-4753-9CD0-A4DF84B99B5A}.Release|x86.ActiveCfg = Release|Win32
		{1AB4032C-7404-4753-9CD0-A4DF84B99B5A}.Release|x86.Build.0 = Release|Win32
		{481C4076-CE35-4B55-99F0-D6F59BDF071B}.Debug|x64.ActiveCfg = Debug|x64
		{481C4076-CE35-4B55-99F0-D6F59BDF071B}.Debug|x64.Build.0 = Debug|x64
		{481C4076-CE35-4B55-99F0-D6F59BDF071B}.Debug|x86.ActiveCfg = Debug|Win32
		{481C4076-CE35-4B55-99F0-D6F59BDF071B}.Debug|x86.Build.0 = Debug|Win32
		{481C4076-CE35-4B55-99F0-D6F59BDF071B}.Release|x64.ActiveCfg = Release|x64
		{481C4076-CE35-4B55-99F0-D6F59BDF071B}.Release|x64.Build.0 = Release|x64
		{481C4076-CE35-4B55-99F0-D6F59BDF071B}.Release|x86.ActiveCfg = Release|Win32
		{481C4076-CE35-4B55-99F0-D6F59BDF071B}.Release|x86.Build.0 = Release|Win32
		{A945B2A7-0516-46E6-AC4F-474410039FFE}.Debug|x64.ActiveCfg = Debug|x64
		{A945B2A7-0516-46E6-AC4F-474410039FFE}.Debug|x64.Build.0 = Debug|x64
		{A945B2A7-0516-46E6-AC4F-474410039FFE}.Debug|x86.ActiveCfg = Debug|Win32
		{A945B2A7-0516-46E6-AC4F-474410039FFE}.Debug|x86.Build.0 = Debug|Win32
		{A945B2A7-0516-46E6-AC4F-474410039FFE}.Release|x64.ActiveCfg = Release|x64
		{A945B2A7-0516-46E6-AC4F-474410039FFE}.Release|x64.Build.0 = Release|x64
		{A945B2A7-0516-46E6-AC4F-474410039FFE}.Release|x86.ActiveCfg = Release|Win32
		{A945B2A7-0516-46E6-AC4F-474410039FFE}.Release|x86.Build.0 = Release|Win32
		{E32E5067-6B0D-4D08-9781-20A752629DFB}.Debug|x64.ActiveCfg = Debug|x64
		{E32E5067-6B0D-4D08-9781-20A752629DFB}.Debug|x64.Build.0 = Debug|x64
		{E32E5067-6B0D-4D08-9781-20A752629DFB}.Debug|x86.ActiveCfg = Debug|Win32
		{E32E5067-6B0D-4D08-9781-20A752629DFB}.Debug|x86.Build.0 = Debug|Win32
		{E32E5067-6B0D-4D08-9781-20A752629DFB}.Release|x64.ActiveCfg = Release|x64
		{E32E5067-6B0D-4D08-9781-20A752629DFB}.Release|x64.Build.0 = Release|x64
		{E32E5067-6B0D-4D08-9781-20A752629DFB}.Release|x86.ActiveCfg = Release|Win32
		{E32E5067-6B0D-4D08-9781-20A752629DFB}.Release|x86.Build.0 = Release|Win32
		{0BB32F92-7C07-4A30-83AB-F631AD46770F}.Debug|x64.ActiveCfg = Debug|x64
		{0BB32F92-7C07-4A30-83AB-F631AD46770F}.Debug|x64.Build.0 = Debug|x64
		{0BB32F92-7C07-4A30-83AB-F631AD46770F}.Debug|x86.ActiveCfg = Debug|Win32
		{0BB32F92-7C07-4A30-83AB-F631AD46770F}.Debug|x86.Build.0 = Debug|Win32
		{0BB32F92-7C07-4A30-83AB-F631AD46770F}.Release|x64.ActiveCfg = Release|x64
		{0BB32F92-7C07-4A30-83AB-F631AD46770F}.Release|x64.Build.0 = Release|x64
		{0BB32F92-7C07-4A30-83AB-F631AD46770F}.Release|x86.ActiveCfg = Release|Win32
		{0BB32F92-7C07-4A30-83AB-F631AD46770F}.Release|x86.Build.0 = Release|Win32
		{31F464BA-8509-4D77-BCF5-200E7A5A062B}.Debug|x64.ActiveCfg = Debug|x64
		{31F464BA-8509-4D77-BCF5-200E7A5A062B}.Debug|x64.Build.0 = Debug|x64
		{31F464BA-8509-4D77-BCF5-200E7A5A062B}.Debug|x86.ActiveCfg = Debug|Win32
		{31F464BA-8509-4D77-BCF5-200E7A5A062B}.Debug|x86.Build.0 = Debug|Win32
		{31F464BA-8509-4D77-BCF5-200E7A5A062B}.Release|x64.ActiveCfg = Release|x64
		{31F464BA-8509-4D77-BCF5-200E7A5A062B}.Release|x64.Build.0 = Release|x64
		{31F464BA-8509-4D77-BCF5-200E7A5A062B}.Release|x86.ActiveCfg = Release|Win32
		{31F464BA-8509-4D77-BCF5-200E7A5A062B}.Release|x86.Build.0 = Release|Win32
		{D9749D1A-177D-4242-914A-22ED0492EC26}.Debug|x64.ActiveCfg = Debug|x64
		{D9749D1A-177D-4242-914A-22ED0492EC26}.Debug|x64.Build.0 = Debug|x64
		{D9749D1A-177D-4242-914A-22ED0492EC26}.Debug|x86.ActiveCfg = Debug|Win32
		{D9749D1A-177D-4242-914A-22ED0492EC26}.Debug|x86.Build.0 = Debug|Win32
		{D9749D1A-177D-4242-914A-22ED0492EC26}.Release|x64.ActiveCfg = Release|x64
		{D9749D1A-177D-4242-914A-22ED0492EC26}.Release|x64.Build.0 = Release|x64
		{D9749D1A-177D-4242-914A-22ED0492EC26}.Release|x86.ActiveCfg = Release|Win32
		{D9749D1A-177D-4242-914A-22ED0492EC26}.Release|x86.Build.0 = Release|Win32
		{FDF6E3AC-20DE-4E86-8CF2-3D7E5D7FCFC5}.Debug|x64.ActiveCfg = Debug|x64
		{FDF6E3AC-20DE-4E86-8CF2-3D7E5D7FCFC5}.Debug|x64.Build.0 = Debug|x64
		{FDF6E3AC-20DE-4E86-8CF2-3D7E5D7FCFC5}.Debug|x86.ActiveCfg = Debug|Win32
		{FDF6E3AC-20DE-4E86-8CF2-3D7E5D7FCFC5}.Debug|x86.Build.0 = Debug|Win32
		{FDF6E3AC-20DE-4E86-8CF2-3D7E5D7FCFC5}.Release|x64.ActiveCfg = Release|x64
		{FDF6E3AC-20DE-4E86-8CF2-3D7E5D7FCFC5}.Release|x64.Build.0 = Release|x64
		{FDF6E3AC-20DE-4E86-8CF2-3D7E5D7FCFC5}.Release|x86.ActiveCfg = Release|Win32
		{FDF6E3AC-20DE-4E86-8CF2-3D7E5D7FCFC5}.Release|x86.Build.0 = Release|Win32
	EndGlobalSection
	GlobalSection(SolutionProperties) = preSolution
		HideSolutionNode = FALSE
	EndGlobalSection
	GlobalSection(ExtensibilityGlobals) = postSolution
		SolutionGuid = {AEC3EFED-4030-410A-8EC5-033C0F4BAA0D}
	EndGlobalSection
EndGlobal
