
Microsoft Visual Studio Solution File, Format Version 12.00
# Visual Studio Version 17
VisualStudioVersion = 17.5.33516.290
MinimumVisualStudioVersion = 10.0.40219.1
Project("{8BC9CEB8-8B4A-11D0-8D11-00A0C91BC942}") = "LAB7_2", "LAB7_2\LAB7_2.vcxproj", "{DF841CD1-2F97-40C8-BAEC-179C53983759}"
EndProject
Project("{8BC9CEB8-8B4A-11D0-8D11-00A0C91BC942}") = "LAB7_1", "LAB7_1\LAB7_1.vcxproj", "{0588F9C6-A69B-4BFC-A3C4-6A0FC9710B76}"
EndProject
Project("{8BC9CEB8-8B4A-11D0-8D11-00A0C91BC942}") = "LAB7_3", "LAB7_3\LAB7_3.vcxproj", "{E7F57CA7-0151-4630-AAE7-9231F859999F}"
EndProject
Project("{8BC9CEB8-8B4A-11D0-8D11-00A0C91BC942}") = "LAB7_4", "LAB7_4\LAB7_4.vcxproj", "{678A63A4-1E25-43FA-8F9C-DBAC22EFB6F3}"
EndProject
Project("{8BC9CEB8-8B4A-11D0-8D11-00A0C91BC942}") = "HW7_1", "HW7_1\HW7_1.vcxproj", "{6FEBD7B2-5B60-4DE8-A202-02266A535DFE}"
EndProject
Project("{8BC9CEB8-8B4A-11D0-8D11-00A0C91BC942}") = "HW7_2", "HW7_2\HW7_2.vcxproj", "{60A81020-5456-4D4E-A80D-A538D475CC32}"
EndProject
Project("{8BC9CEB8-8B4A-11D0-8D11-00A0C91BC942}") = "LAB1", "LAB1\LAB1.vcxproj", "{99359624-A42A-40B1-9B13-F5EBE28D4FFD}"
EndProject
Project("{8BC9CEB8-8B4A-11D0-8D11-00A0C91BC942}") = "LAB2", "LAB2\LAB2.vcxproj", "{3460245D-B910-44DD-B392-4B47D36666B0}"
EndProject
Project("{8BC9CEB8-8B4A-11D0-8D11-00A0C91BC942}") = "HW7_3", "HW7_3\HW7_3.vcxproj", "{9AE15F33-09A3-4894-B17C-08BEF9C71632}"
EndProject
Global
	GlobalSection(SolutionConfigurationPlatforms) = preSolution
		Debug|x64 = Debug|x64
		Debug|x86 = Debug|x86
		Release|x64 = Release|x64
		Release|x86 = Release|x86
	EndGlobalSection
	GlobalSection(ProjectConfigurationPlatforms) = postSolution
		{DF841CD1-2F97-40C8-BAEC-179C53983759}.Debug|x64.ActiveCfg = Debug|x64
		{DF841CD1-2F97-40C8-BAEC-179C53983759}.Debug|x64.Build.0 = Debug|x64
		{DF841CD1-2F97-40C8-BAEC-179C53983759}.Debug|x86.ActiveCfg = Debug|Win32
		{DF841CD1-2F97-40C8-BAEC-179C53983759}.Debug|x86.Build.0 = Debug|Win32
		{DF841CD1-2F97-40C8-BAEC-179C53983759}.Release|x64.ActiveCfg = Release|x64
		{DF841CD1-2F97-40C8-BAEC-179C53983759}.Release|x64.Build.0 = Release|x64
		{DF841CD1-2F97-40C8-BAEC-179C53983759}.Release|x86.ActiveCfg = Release|Win32
		{DF841CD1-2F97-40C8-BAEC-179C53983759}.Release|x86.Build.0 = Release|Win32
		{0588F9C6-A69B-4BFC-A3C4-6A0FC9710B76}.Debug|x64.ActiveCfg = Debug|x64
		{0588F9C6-A69B-4BFC-A3C4-6A0FC9710B76}.Debug|x64.Build.0 = Debug|x64
		{0588F9C6-A69B-4BFC-A3C4-6A0FC9710B76}.Debug|x86.ActiveCfg = Debug|Win32
		{0588F9C6-A69B-4BFC-A3C4-6A0FC9710B76}.Debug|x86.Build.0 = Debug|Win32
		{0588F9C6-A69B-4BFC-A3C4-6A0FC9710B76}.Release|x64.ActiveCfg = Release|x64
		{0588F9C6-A69B-4BFC-A3C4-6A0FC9710B76}.Release|x64.Build.0 = Release|x64
		{0588F9C6-A69B-4BFC-A3C4-6A0FC9710B76}.Release|x86.ActiveCfg = Release|Win32
		{0588F9C6-A69B-4BFC-A3C4-6A0FC9710B76}.Release|x86.Build.0 = Release|Win32
		{E7F57CA7-0151-4630-AAE7-9231F859999F}.Debug|x64.ActiveCfg = Debug|x64
		{E7F57CA7-0151-4630-AAE7-9231F859999F}.Debug|x64.Build.0 = Debug|x64
		{E7F57CA7-0151-4630-AAE7-9231F859999F}.Debug|x86.ActiveCfg = Debug|Win32
		{E7F57CA7-0151-4630-AAE7-9231F859999F}.Debug|x86.Build.0 = Debug|Win32
		{E7F57CA7-0151-4630-AAE7-9231F859999F}.Release|x64.ActiveCfg = Release|x64
		{E7F57CA7-0151-4630-AAE7-9231F859999F}.Release|x64.Build.0 = Release|x64
		{E7F57CA7-0151-4630-AAE7-9231F859999F}.Release|x86.ActiveCfg = Release|Win32
		{E7F57CA7-0151-4630-AAE7-9231F859999F}.Release|x86.Build.0 = Release|Win32
		{678A63A4-1E25-43FA-8F9C-DBAC22EFB6F3}.Debug|x64.ActiveCfg = Debug|x64
		{678A63A4-1E25-43FA-8F9C-DBAC22EFB6F3}.Debug|x64.Build.0 = Debug|x64
		{678A63A4-1E25-43FA-8F9C-DBAC22EFB6F3}.Debug|x86.ActiveCfg = Debug|Win32
		{678A63A4-1E25-43FA-8F9C-DBAC22EFB6F3}.Debug|x86.Build.0 = Debug|Win32
		{678A63A4-1E25-43FA-8F9C-DBAC22EFB6F3}.Release|x64.ActiveCfg = Release|x64
		{678A63A4-1E25-43FA-8F9C-DBAC22EFB6F3}.Release|x64.Build.0 = Release|x64
		{678A63A4-1E25-43FA-8F9C-DBAC22EFB6F3}.Release|x86.ActiveCfg = Release|Win32
		{678A63A4-1E25-43FA-8F9C-DBAC22EFB6F3}.Release|x86.Build.0 = Release|Win32
		{6FEBD7B2-5B60-4DE8-A202-02266A535DFE}.Debug|x64.ActiveCfg = Debug|x64
		{6FEBD7B2-5B60-4DE8-A202-02266A535DFE}.Debug|x64.Build.0 = Debug|x64
		{6FEBD7B2-5B60-4DE8-A202-02266A535DFE}.Debug|x86.ActiveCfg = Debug|Win32
		{6FEBD7B2-5B60-4DE8-A202-02266A535DFE}.Debug|x86.Build.0 = Debug|Win32
		{6FEBD7B2-5B60-4DE8-A202-02266A535DFE}.Release|x64.ActiveCfg = Release|x64
		{6FEBD7B2-5B60-4DE8-A202-02266A535DFE}.Release|x64.Build.0 = Release|x64
		{6FEBD7B2-5B60-4DE8-A202-02266A535DFE}.Release|x86.ActiveCfg = Release|Win32
		{6FEBD7B2-5B60-4DE8-A202-02266A535DFE}.Release|x86.Build.0 = Release|Win32
		{60A81020-5456-4D4E-A80D-A538D475CC32}.Debug|x64.ActiveCfg = Debug|x64
		{60A81020-5456-4D4E-A80D-A538D475CC32}.Debug|x64.Build.0 = Debug|x64
		{60A81020-5456-4D4E-A80D-A538D475CC32}.Debug|x86.ActiveCfg = Debug|Win32
		{60A81020-5456-4D4E-A80D-A538D475CC32}.Debug|x86.Build.0 = Debug|Win32
		{60A81020-5456-4D4E-A80D-A538D475CC32}.Release|x64.ActiveCfg = Release|x64
		{60A81020-5456-4D4E-A80D-A538D475CC32}.Release|x64.Build.0 = Release|x64
		{60A81020-5456-4D4E-A80D-A538D475CC32}.Release|x86.ActiveCfg = Release|Win32
		{60A81020-5456-4D4E-A80D-A538D475CC32}.Release|x86.Build.0 = Release|Win32
		{99359624-A42A-40B1-9B13-F5EBE28D4FFD}.Debug|x64.ActiveCfg = Debug|x64
		{99359624-A42A-40B1-9B13-F5EBE28D4FFD}.Debug|x64.Build.0 = Debug|x64
		{99359624-A42A-40B1-9B13-F5EBE28D4FFD}.Debug|x86.ActiveCfg = Debug|Win32
		{99359624-A42A-40B1-9B13-F5EBE28D4FFD}.Debug|x86.Build.0 = Debug|Win32
		{99359624-A42A-40B1-9B13-F5EBE28D4FFD}.Release|x64.ActiveCfg = Release|x64
		{99359624-A42A-40B1-9B13-F5EBE28D4FFD}.Release|x64.Build.0 = Release|x64
		{99359624-A42A-40B1-9B13-F5EBE28D4FFD}.Release|x86.ActiveCfg = Release|Win32
		{99359624-A42A-40B1-9B13-F5EBE28D4FFD}.Release|x86.Build.0 = Release|Win32
		{3460245D-B910-44DD-B392-4B47D36666B0}.Debug|x64.ActiveCfg = Debug|x64
		{3460245D-B910-44DD-B392-4B47D36666B0}.Debug|x64.Build.0 = Debug|x64
		{3460245D-B910-44DD-B392-4B47D36666B0}.Debug|x86.ActiveCfg = Debug|Win32
		{3460245D-B910-44DD-B392-4B47D36666B0}.Debug|x86.Build.0 = Debug|Win32
		{3460245D-B910-44DD-B392-4B47D36666B0}.Release|x64.ActiveCfg = Release|x64
		{3460245D-B910-44DD-B392-4B47D36666B0}.Release|x64.Build.0 = Release|x64
		{3460245D-B910-44DD-B392-4B47D36666B0}.Release|x86.ActiveCfg = Release|Win32
		{3460245D-B910-44DD-B392-4B47D36666B0}.Release|x86.Build.0 = Release|Win32
		{9AE15F33-09A3-4894-B17C-08BEF9C71632}.Debug|x64.ActiveCfg = Debug|x64
		{9AE15F33-09A3-4894-B17C-08BEF9C71632}.Debug|x64.Build.0 = Debug|x64
		{9AE15F33-09A3-4894-B17C-08BEF9C71632}.Debug|x86.ActiveCfg = Debug|Win32
		{9AE15F33-09A3-4894-B17C-08BEF9C71632}.Debug|x86.Build.0 = Debug|Win32
		{9AE15F33-09A3-4894-B17C-08BEF9C71632}.Release|x64.ActiveCfg = Release|x64
		{9AE15F33-09A3-4894-B17C-08BEF9C71632}.Release|x64.Build.0 = Release|x64
		{9AE15F33-09A3-4894-B17C-08BEF9C71632}.Release|x86.ActiveCfg = Release|Win32
		{9AE15F33-09A3-4894-B17C-08BEF9C71632}.Release|x86.Build.0 = Release|Win32
	EndGlobalSection
	GlobalSection(SolutionProperties) = preSolution
		HideSolutionNode = FALSE
	EndGlobalSection
	GlobalSection(ExtensibilityGlobals) = postSolution
		SolutionGuid = {894ACC05-95C3-424A-9228-3FBD48FC9FED}
	EndGlobalSection
EndGlobal
